
Microsoft Visual Studio Solution File, Format Version 11.00
# Visual Studio 2010
Project("{911E67C6-3D85-4FCE-B560-20A9C3E3FF48}") = "App_VoronoiFractureDemo_vs2010_debug", "App_VoronoiFractureDemo_vs2010_debug.exe", "{FADF812B-98BD-42C9-8486-3CD5622DFEE7}"
	ProjectSection(DebuggerProjectSystem) = preProject
		PortSupplier = 00000000-0000-0000-0000-000000000000
		Executable = C:\Program Files (x86)\bullet-2.81-rev2613\App_VoronoiFractureDemo_vs2010_debug.exe
		RemoteMachine = ANONYMOUS
		StartingDirectory = C:\Program Files (x86)\bullet-2.81-rev2613
		Environment = Default
		LaunchingEngine = 00000000-0000-0000-0000-000000000000
		LaunchSQLEngine = No
		AttachLaunchAction = No
	EndProjectSection
EndProject
Global
	GlobalSection(SolutionConfigurationPlatforms) = preSolution
		Debug|x86 = Debug|x86
	EndGlobalSection
	GlobalSection(ProjectConfigurationPlatforms) = postSolution
		{FADF812B-98BD-42C9-8486-3CD5622DFEE7}.Debug|x86.ActiveCfg = Debug|x86
	EndGlobalSection
	GlobalSection(SolutionProperties) = preSolution
		HideSolutionNode = FALSE
	EndGlobalSection
EndGlobal
